// !$*UTF8*$!
{
	archiveVersion = 1;
	classes = {
	};
	objectVersion = 50;
	objects = {

/* Begin PBXBuildFile section */
		39C03A8323C41889005051B7 /* AppDelegate.swift in Sources */ = {isa = PBXBuildFile; fileRef = 39C03A8223C41889005051B7 /* AppDelegate.swift */; };
		39C03A8523C41889005051B7 /* SceneDelegate.swift in Sources */ = {isa = PBXBuildFile; fileRef = 39C03A8423C41889005051B7 /* SceneDelegate.swift */; };
		39C03A8723C41889005051B7 /* ViewController.swift in Sources */ = {isa = PBXBuildFile; fileRef = 39C03A8623C41889005051B7 /* ViewController.swift */; };
		39C03A8A23C41889005051B7 /* Main.storyboard in Resources */ = {isa = PBXBuildFile; fileRef = 39C03A8823C41889005051B7 /* Main.storyboard */; };
		39C03A8D23C41889005051B7 /* movingSquareExample.xcdatamodeld in Sources */ = {isa = PBXBuildFile; fileRef = 39C03A8B23C41889005051B7 /* movingSquareExample.xcdatamodeld */; };
		39C03A8F23C4188A005051B7 /* Assets.xcassets in Resources */ = {isa = PBXBuildFile; fileRef = 39C03A8E23C4188A005051B7 /* Assets.xcassets */; };
		39C03A9223C4188A005051B7 /* LaunchScreen.storyboard in Resources */ = {isa = PBXBuildFile; fileRef = 39C03A9023C4188A005051B7 /* LaunchScreen.storyboard */; };
/* End PBXBuildFile section */

/* Begin PBXFileReference section */
		39C03A7F23C41889005051B7 /* movingSquareExample.app */ = {isa = PBXFileReference; explicitFileType = wrapper.application; includeInIndex = 0; path = movingSquareExample.app; sourceTree = BUILT_PRODUCTS_DIR; };
		39C03A8223C41889005051B7 /* AppDelegate.swift */ = {isa = PBXFileReference; lastKnownFileType = sourcecode.swift; path = AppDelegate.swift; sourceTree = "<group>"; };
		39C03A8423C41889005051B7 /* SceneDelegate.swift */ = {isa = PBXFileReference; lastKnownFileType = sourcecode.swift; path = SceneDelegate.swift; sourceTree = "<group>"; };
		39C03A8623C41889005051B7 /* ViewController.swift */ = {isa = PBXFileReference; lastKnownFileType = sourcecode.swift; path = ViewController.swift; sourceTree = "<group>"; };
		39C03A8923C41889005051B7 /* Base */ = {isa = PBXFileReference; lastKnownFileType = file.storyboard; name = Base; path = Base.lproj/Main.storyboard; sourceTree = "<group>"; };
		39C03A8C23C41889005051B7 /* movingSquareExample.xcdatamodel */ = {isa = PBXFileReference; lastKnownFileType = wrapper.xcdatamodel; path = movingSquareExample.xcdatamodel; sourceTree = "<group>"; };
		39C03A8E23C4188A005051B7 /* Assets.xcassets */ = {isa = PBXFileReference; lastKnownFileType = folder.assetcatalog; path = Assets.xcassets; sourceTree = "<group>"; };
		39C03A9123C4188A005051B7 /* Base */ = {isa = PBXFileReference; lastKnownFileType = file.storyboard; name = Base; path = Base.lproj/LaunchScreen.storyboard; sourceTree = "<group>"; };
		39C03A9323C4188A005051B7 /* Info.plist */ = {isa = PBXFileReference; lastKnownFileType = text.plist.xml; path = Info.plist; sourceTree = "<group>"; };
/* End PBXFileReference section */

/* Begin PBXFrameworksBuildPhase section */
		39C03A7C23C41889005051B7 /* Frameworks */ = {
			isa = PBXFrameworksBuildPhase;
			buildActionMask = 2147483647;
			files = (
			);
			runOnlyForDeploymentPostprocessing = 0;
		};
/* End PBXFrameworksBuildPhase section */

/* Begin PBXGroup section */
		39C03A7623C41889005051B7 = {
			isa = PBXGroup;
			children = (
				39C03A8123C41889005051B7 /* movingSquareExample */,
				39C03A8023C41889005051B7 /* Products */,
			);
			sourceTree = "<group>";
		};
		39C03A8023C41889005051B7 /* Products */ = {
			isa = PBXGroup;
			children = (
				39C03A7F23C41889005051B7 /* movingSquareExample.app */,
			);
			name = Products;
			sourceTree = "<group>";
		};
		39C03A8123C41889005051B7 /* movingSquareExample */ = {
			isa = PBXGroup;
			children = (
				39C03A8223C41889005051B7 /* AppDelegate.swift */,
				39C03A8423C41889005051B7 /* SceneDelegate.swift */,
				39C03A8623C41889005051B7 /* ViewController.swift */,
				39C03A8823C41889005051B7 /* Main.storyboard */,
				39C03A8E23C4188A005051B7 /* Assets.xcassets */,
				39C03A9023C4188A005051B7 /* LaunchScreen.storyboard */,
				39C03A9323C4188A005051B7 /* Info.plist */,
				39C03A8B23C41889005051B7 /* movingSquareExample.xcdatamodeld */,
			);
			path = movingSquareExample;
			sourceTree = "<group>";
		};
/* End PBXGroup section */

/* Begin PBXNativeTarget section */
		39C03A7E23C41889005051B7 /* movingSquareExample */ = {
			isa = PBXNativeTarget;
			buildConfigurationList = 39C03A9623C4188A005051B7 /* Build configuration list for PBXNativeTarget "movingSquareExample" */;
			buildPhases = (
				39C03A7B23C41889005051B7 /* Sources */,
				39C03A7C23C41889005051B7 /* Frameworks */,
				39C03A7D23C41889005051B7 /* Resources */,
			);
			buildRules = (
			);
			dependencies = (
			);
			name = movingSquareExample;
			productName = movingSquareExample;
			productReference = 39C03A7F23C41889005051B7 /* movingSquareExample.app */;
			productType = "com.apple.product-type.application";
		};
/* End PBXNativeTarget section */

/* Begin PBXProject section */
		39C03A7723C41889005051B7 /* Project object */ = {
			isa = PBXProject;
			attributes = {
				LastSwiftUpdateCheck = 1120;
				LastUpgradeCheck = 1120;
				ORGANIZATIONNAME = "komaldeep kaur";
				TargetAttributes = {
					39C03A7E23C41889005051B7 = {
						CreatedOnToolsVersion = 11.2.1;
					};
				};
			};
			buildConfigurationList = 39C03A7A23C41889005051B7 /* Build configuration list for PBXProject "movingSquareExample" */;
			compatibilityVersion = "Xcode 9.3";
			developmentRegion = en;
			hasScannedForEncodings = 0;
			knownRegions = (
				en,
				Base,
			);
			mainGroup = 39C03A7623C41889005051B7;
			productRefGroup = 39C03A8023C41889005051B7 /* Products */;
			projectDirPath = "";
			projectRoot = "";
			targets = (
				39C03A7E23C41889005051B7 /* movingSquareExample */,
			);
		};
/* End PBXProject section */

/* Begin PBXResourcesBuildPhase section */
		39C03A7D23C41889005051B7 /* Resources */ = {
			isa = PBXResourcesBuildPhase;
			buildActionMask = 2147483647;
			files = (
				39C03A9223C4188A005051B7 /* LaunchScreen.storyboard in Resources */,
				39C03A8F23C4188A005051B7 /* Assets.xcassets in Resources */,
				39C03A8A23C41889005051B7 /* Main.storyboard in Resources */,
			);
			runOnlyForDeploymentPostprocessing = 0;
		};
/* End PBXResourcesBuildPhase section */

/* Begin PBXSourcesBuildPhase section */
		39C03A7B23C41889005051B7 /* Sources */ = {
			isa = PBXSourcesBuildPhase;
			buildActionMask = 2147483647;
			files = (
				39C03A8723C41889005051B7 /* ViewController.swift in Sources */,
				39C03A8323C41889005051B7 /* AppDelegate.swift in Sources */,
				39C03A8D23C41889005051B7 /* movingSquareExample.xcdatamodeld in Sources */,
				39C03A8523C41889005051B7 /* SceneDelegate.swift in Sources */,
			);
			runOnlyForDeploymentPostprocessing = 0;
		};
/* End PBXSourcesBuildPhase section */

/* Begin PBXVariantGroup section */
		39C03A8823C41889005051B7 /* Main.storyboard */ = {
			isa = PBXVariantGroup;
			children = (
				39C03A8923C41889005051B7 /* Base */,
			);
			name = Main.storyboard;
			sourceTree = "<group>";
		};
		39C03A9023C4188A005051B7 /* LaunchScreen.storyboard */ = {
			isa = PBXVariantGroup;
			children = (
				39C03A9123C4188A005051B7 /* Base */,
			);
			name = LaunchScreen.storyboard;
			sourceTree = "<group>";
		};
/* End PBXVariantGroup section */

/* Begin XCBuildConfiguration section */
		39C03A9423C4188A005051B7 /* Debug */ = {
			isa = XCBuildConfiguration;
			buildSettings = {
				ALWAYS_SEARCH_USER_PATHS = NO;
				CLANG_ANALYZER_NONNULL = YES;
				CLANG_ANALYZER_NUMBER_OBJECT_CONVERSION = YES_AGGRESSIVE;
				CLANG_CXX_LANGUAGE_STANDARD = "gnu++14";
				CLANG_CXX_LIBRARY = "libc++";
				CLANG_ENABLE_MODULES = YES;
				CLANG_ENABLE_OBJC_ARC = YES;
				CLANG_ENABLE_OBJC_WEAK = YES;
				CLANG_WARN_BLOCK_CAPTURE_AUTORELEASING = YES;
				CLANG_WARN_BOOL_CONVERSION = YES;
				CLANG_WARN_COMMA = YES;
				CLANG_WARN_CONSTANT_CONVERSION = YES;
				CLANG_WARN_DEPRECATED_OBJC_IMPLEMENTATIONS = YES;
				CLANG_WARN_DIRECT_OBJC_ISA_USAGE = YES_ERROR;
				CLANG_WARN_DOCUMENTATION_COMMENTS = YES;
				CLANG_WARN_EMPTY_BODY = YES;
				CLANG_WARN_ENUM_CONVERSION = YES;
				CLANG_WARN_INFINITE_RECURSION = YES;
				CLANG_WARN_INT_CONVERSION = YES;
				CLANG_WARN_NON_LITERAL_NULL_CONVERSION = YES;
				CLANG_WARN_OBJC_IMPLICIT_RETAIN_SELF = YES;
				CLANG_WARN_OBJC_LITERAL_CONVERSION = YES;
				CLANG_WARN_OBJC_ROOT_CLASS = YES_ERROR;
				CLANG_WARN_RANGE_LOOP_ANALYSIS = YES;
				CLANG_WARN_STRICT_PROTOTYPES = YES;
				CLANG_WARN_SUSPICIOUS_MOVE = YES;
				CLANG_WARN_UNGUARDED_AVAILABILITY = YES_AGGRESSIVE;
				CLANG_WARN_UNREACHABLE_CODE = YES;
				CLANG_WARN__DUPLICATE_METHOD_MATCH = YES;
				COPY_PHASE_STRIP = NO;
				DEBUG_INFORMATION_FORMAT = dwarf;
				ENABLE_STRICT_OBJC_MSGSEND = YES;
				ENABLE_TESTABILITY = YES;
				GCC_C_LANGUAGE_STANDARD = gnu11;
				GCC_DYNAMIC_NO_PIC = NO;
				GCC_NO_COMMON_BLOCKS = YES;
				GCC_OPTIMIZATION_LEVEL = 0;
				GCC_PREPROCESSOR_DEFINITIONS = (
					"DEBUG=1",
					"$(inherited)",
				);
				GCC_WARN_64_TO_32_BIT_CONVERSION = YES;
				GCC_WARN_ABOUT_RETURN_TYPE = YES_ERROR;
				GCC_WARN_UNDECLARED_SELECTOR = YES;
				GCC_WARN_UNINITIALIZED_AUTOS = YES_AGGRESSIVE;
				GCC_WARN_UNUSED_FUNCTION = YES;
				GCC_WARN_UNUSED_VARIABLE = YES;
				IPHONEOS_DEPLOYMENT_TARGET = 13.2;
				MTL_ENABLE_DEBUG_INFO = INCLUDE_SOURCE;
				MTL_FAST_MATH = YES;
				ONLY_ACTIVE_ARCH = YES;
				SDKROOT = iphoneos;
				SWIFT_ACTIVE_COMPILATION_CONDITIONS = DEBUG;
				SWIFT_OPTIMIZATION_LEVEL = "-Onone";
			};
			name = Debug;
		};
		39C03A9523C4188A005051B7 /* Release */ = {
			isa = XCBuildConfiguration;
			buildSettings = {
				ALWAYS_SEARCH_USER_PATHS = NO;
				CLANG_ANALYZER_NONNULL = YES;
				CLANG_ANALYZER_NUMBER_OBJECT_CONVERSION = YES_AGGRESSIVE;
				CLANG_CXX_LANGUAGE_STANDARD = "gnu++14";
				CLANG_CXX_LIBRARY = "libc++";
				CLANG_ENABLE_MODULES = YES;
				CLANG_ENABLE_OBJC_ARC = YES;
				CLANG_ENABLE_OBJC_WEAK = YES;
				CLANG_WARN_BLOCK_CAPTURE_AUTORELEASING = YES;
				CLANG_WARN_BOOL_CONVERSION = YES;
				CLANG_WARN_COMMA = YES;
				CLANG_WARN_CONSTANT_CONVERSION = YES;
				CLANG_WARN_DEPRECATED_OBJC_IMPLEMENTATIONS = YES;
				CLANG_WARN_DIRECT_OBJC_ISA_USAGE = YES_ERROR;
				CLANG_WARN_DOCUMENTATION_COMMENTS = YES;
				CLANG_WARN_EMPTY_BODY = YES;
				CLANG_WARN_ENUM_CONVERSION = YES;
				CLANG_WARN_INFINITE_RECURSION = YES;
				CLANG_WARN_INT_CONVERSION = YES;
				CLANG_WARN_NON_LITERAL_NULL_CONVERSION = YES;
				CLANG_WARN_OBJC_IMPLICIT_RETAIN_SELF = YES;
				CLANG_WARN_OBJC_LITERAL_CONVERSION = YES;
				CLANG_WARN_OBJC_ROOT_CLASS = YES_ERROR;
				CLANG_WARN_RANGE_LOOP_ANALYSIS = YES;
				CLANG_WARN_STRICT_PROTOTYPES = YES;
				CLANG_WARN_SUSPICIOUS_MOVE = YES;
				CLANG_WARN_UNGUARDED_AVAILABILITY = YES_AGGRESSIVE;
				CLANG_WARN_UNREACHABLE_CODE = YES;
				CLANG_WARN__DUPLICATE_METHOD_MATCH = YES;
				COPY_PHASE_STRIP = NO;
				DEBUG_INFORMATION_FORMAT = "dwarf-with-dsym";
				ENABLE_NS_ASSERTIONS = NO;
				ENABLE_STRICT_OBJC_MSGSEND = YES;
				GCC_C_LANGUAGE_STANDARD = gnu11;
				GCC_NO_COMMON_BLOCKS = YES;
				GCC_WARN_64_TO_32_BIT_CONVERSION = YES;
				GCC_WARN_ABOUT_RETURN_TYPE = YES_ERROR;
				GCC_WARN_UNDECLARED_SELECTOR = YES;
				GCC_WARN_UNINITIALIZED_AUTOS = YES_AGGRESSIVE;
				GCC_WARN_UNUSED_FUNCTION = YES;
				GCC_WARN_UNUSED_VARIABLE = YES;
				IPHONEOS_DEPLOYMENT_TARGET = 13.2;
				MTL_ENABLE_DEBUG_INFO = NO;
				MTL_FAST_MATH = YES;
				SDKROOT = iphoneos;
				SWIFT_COMPILATION_MODE = wholemodule;
				SWIFT_OPTIMIZATION_LEVEL = "-O";
				VALIDATE_PRODUCT = YES;
			};
			name = Release;
		};
		39C03A9723C4188A005051B7 /* Debug */ = {
			isa = XCBuildConfiguration;
			buildSettings = {
				ASSETCATALOG_COMPILER_APPICON_NAME = AppIcon;
				CODE_SIGN_STYLE = Automatic;
				INFOPLIST_FILE = movingSquareExample/Info.plist;
				LD_RUNPATH_SEARCH_PATHS = (
					"$(inherited)",
					"@executable_path/Frameworks",
				);
				PRODUCT_BUNDLE_IDENTIFIER = "IOS-Sem2.movingSquareExample";
				PRODUCT_NAME = "$(TARGET_NAME)";
				SWIFT_VERSION = 5.0;
				TARGETED_DEVICE_FAMILY = "1,2";
			};
			name = Debug;
		};
		39C03A9823C4188A005051B7 /* Release */ = {
			isa = XCBuildConfiguration;
			buildSettings = {
				ASSETCATALOG_COMPILER_APPICON_NAME = AppIcon;
				CODE_SIGN_STYLE = Automatic;
				INFOPLIST_FILE = movingSquareExample/Info.plist;
				LD_RUNPATH_SEARCH_PATHS = (
					"$(inherited)",
					"@executable_path/Frameworks",
				);
				PRODUCT_BUNDLE_IDENTIFIER = "IOS-Sem2.movingSquareExample";
				PRODUCT_NAME = "$(TARGET_NAME)";
				SWIFT_VERSION = 5.0;
				TARGETED_DEVICE_FAMILY = "1,2";
			};
			name = Release;
		};
/* End XCBuildConfiguration section */

/* Begin XCConfigurationList section */
		39C03A7A23C41889005051B7 /* Build configuration list for PBXProject "movingSquareExample" */ = {
			isa = XCConfigurationList;
			buildConfigurations = (
				39C03A9423C4188A005051B7 /* Debug */,
				39C03A9523C4188A005051B7 /* Release */,
			);
			defaultConfigurationIsVisible = 0;
			defaultConfigurationName = Release;
		};
		39C03A9623C4188A005051B7 /* Build configuration list for PBXNativeTarget "movingSquareExample" */ = {
			isa = XCConfigurationList;
			buildConfigurations = (
				39C03A9723C4188A005051B7 /* Debug */,
				39C03A9823C4188A005051B7 /* Release */,
			);
			defaultConfigurationIsVisible = 0;
			defaultConfigurationName = Release;
		};
/* End XCConfigurationList section */

/* Begin XCVersionGroup section */
		39C03A8B23C41889005051B7 /* movingSquareExample.xcdatamodeld */ = {
			isa = XCVersionGroup;
			children = (
				39C03A8C23C41889005051B7 /* movingSquareExample.xcdatamodel */,
			);
			currentVersion = 39C03A8C23C41889005051B7 /* movingSquareExample.xcdatamodel */;
			path = movingSquareExample.xcdatamodeld;
			sourceTree = "<group>";
			versionGroupType = wrapper.xcdatamodel;
		};
/* End XCVersionGroup section */
	};
	rootObject = 39C03A7723C41889005051B7 /* Project object */;
}
